
Microsoft Visual Studio Solution File, Format Version 12.00
# Visual Studio Version 16
VisualStudioVersion = 16.0.33130.400
MinimumVisualStudioVersion = 10.0.40219.1
Project("{FAE04EC0-301F-11D3-BF4B-00C04F79EFBC}") = "JobPortalWebsite_WebApi", "JobPortalWebsite_WebApi.csproj", "{AD4D0E9F-B515-4EB0-8A00-1644636B7166}"
EndProject
Project("{FAE04EC0-301F-11D3-BF4B-00C04F79EFBC}") = "JPWebsite", "..\JPWebsite\JPWebsite.csproj", "{85F46203-819D-43C5-B217-2CF38612021B}"
EndProject
Global
	GlobalSection(SolutionConfigurationPlatforms) = preSolution
		Debug|Any CPU = Debug|Any CPU
		Release|Any CPU = Release|Any CPU
	EndGlobalSection
	GlobalSection(ProjectConfigurationPlatforms) = postSolution
		{AD4D0E9F-B515-4EB0-8A00-1644636B7166}.Debug|Any CPU.ActiveCfg = Debug|Any CPU
		{AD4D0E9F-B515-4EB0-8A00-1644636B7166}.Debug|Any CPU.Build.0 = Debug|Any CPU
		{AD4D0E9F-B515-4EB0-8A00-1644636B7166}.Release|Any CPU.ActiveCfg = Release|Any CPU
		{AD4D0E9F-B515-4EB0-8A00-1644636B7166}.Release|Any CPU.Build.0 = Release|Any CPU
		{85F46203-819D-43C5-B217-2CF38612021B}.Debug|Any CPU.ActiveCfg = Debug|Any CPU
		{85F46203-819D-43C5-B217-2CF38612021B}.Debug|Any CPU.Build.0 = Debug|Any CPU
		{85F46203-819D-43C5-B217-2CF38612021B}.Release|Any CPU.ActiveCfg = Release|Any CPU
		{85F46203-819D-43C5-B217-2CF38612021B}.Release|Any CPU.Build.0 = Release|Any CPU
	EndGlobalSection
	GlobalSection(SolutionProperties) = preSolution
		HideSolutionNode = FALSE
	EndGlobalSection
	GlobalSection(ExtensibilityGlobals) = postSolution
		SolutionGuid = {AE824963-826F-4880-97DC-5279819797A0}
	EndGlobalSection
EndGlobal
