
Microsoft Visual Studio Solution File, Format Version 12.00
# Visual Studio Version 16
VisualStudioVersion = 16.0.33130.400
MinimumVisualStudioVersion = 10.0.40219.1
Project("{FAE04EC0-301F-11D3-BF4B-00C04F79EFBC}") = "JobPortalWebsite1", "JobPortalWebsite1.csproj", "{9EB4C827-CEC5-4078-B780-2154D0F5CDC3}"
EndProject
Global
	GlobalSection(SolutionConfigurationPlatforms) = preSolution
		Debug|Any CPU = Debug|Any CPU
		Release|Any CPU = Release|Any CPU
	EndGlobalSection
	GlobalSection(ProjectConfigurationPlatforms) = postSolution
		{9EB4C827-CEC5-4078-B780-2154D0F5CDC3}.Debug|Any CPU.ActiveCfg = Debug|Any CPU
		{9EB4C827-CEC5-4078-B780-2154D0F5CDC3}.Debug|Any CPU.Build.0 = Debug|Any CPU
		{9EB4C827-CEC5-4078-B780-2154D0F5CDC3}.Release|Any CPU.ActiveCfg = Release|Any CPU
		{9EB4C827-CEC5-4078-B780-2154D0F5CDC3}.Release|Any CPU.Build.0 = Release|Any CPU
	EndGlobalSection
	GlobalSection(SolutionProperties) = preSolution
		HideSolutionNode = FALSE
	EndGlobalSection
	GlobalSection(ExtensibilityGlobals) = postSolution
		SolutionGuid = {6DA8C030-1179-434B-83F2-DA60280E1D98}
	EndGlobalSection
EndGlobal
